
Microsoft Visual Studio Solution File, Format Version 12.00
# Visual Studio 15
VisualStudioVersion = 15.0.28307.852
MinimumVisualStudioVersion = 10.0.40219.1
Project("{2150E333-8FDC-42A3-9474-1A3956D46DE8}") = "2-Apps", "2-Apps", "{8443ADC2-8D57-46CF-BE72-295E254A5BD4}"
EndProject
Project("{2150E333-8FDC-42A3-9474-1A3956D46DE8}") = "0-Common", "0-Common", "{559B5907-796D-40B2-9829-FC352E81DC42}"
EndProject
Project("{9A19103F-16F7-4668-BE54-9A1E7A4F7556}") = "Aula8WebAPI.DAL.Livros", "Aula8WebAPI.DAL.Livros\Aula8WebAPI.DAL.Livros.csproj", "{6F9F84F0-B9B3-4428-9B36-D3DCD49C35EC}"
EndProject
Project("{9A19103F-16F7-4668-BE54-9A1E7A4F7556}") = "Aula8WebAPI.DAL.Usuarios", "Aula8WebAPI.DAL.Usuarios\Aula8WebAPI.DAL.Usuarios.csproj", "{EF043B8C-226B-4D21-B5E4-27A11E95D98D}"
EndProject
Project("{9A19103F-16F7-4668-BE54-9A1E7A4F7556}") = "Aula8WebAPI.Model", "Aula8WebAPI.Model\Aula8WebAPI.Model.csproj", "{19E1FC57-6885-4599-B7BD-77089C7D311E}"
EndProject
Project("{9A19103F-16F7-4668-BE54-9A1E7A4F7556}") = "Aula8WebAPI.Seguranca", "Aula8WebAPI.Seguranca\Aula8WebAPI.Seguranca.csproj", "{59DA4E25-D74D-45E5-82BA-016CB35BF08E}"
EndProject
Project("{2150E333-8FDC-42A3-9474-1A3956D46DE8}") = "1-Services", "1-Services", "{63EFA002-3103-4A75-8AFA-AB1245527257}"
EndProject
Project("{9A19103F-16F7-4668-BE54-9A1E7A4F7556}") = "Aula8WebAPI.Api", "Aula8WebApi.Api\Aula8WebAPI.Api.csproj", "{D34DAF6E-5CDC-4F43-AA43-E44BF67843F0}"
EndProject
Project("{9A19103F-16F7-4668-BE54-9A1E7A4F7556}") = "Aula8WebAPI.AuthProvider", "Aula8WebApi.AuthProvider\Aula8WebAPI.AuthProvider.csproj", "{2F89C393-1413-4C14-9C01-D96FB15F826E}"
EndProject
Project("{9A19103F-16F7-4668-BE54-9A1E7A4F7556}") = "Aula8WebAPI", "Aula8WebAPI\Aula8WebAPI.csproj", "{F682B4C6-C0A2-49C5-9217-C4EC56F2C9BB}"
EndProject
Global
	GlobalSection(SolutionConfigurationPlatforms) = preSolution
		Debug|Any CPU = Debug|Any CPU
		Release|Any CPU = Release|Any CPU
	EndGlobalSection
	GlobalSection(ProjectConfigurationPlatforms) = postSolution
		{6F9F84F0-B9B3-4428-9B36-D3DCD49C35EC}.Debug|Any CPU.ActiveCfg = Debug|Any CPU
		{6F9F84F0-B9B3-4428-9B36-D3DCD49C35EC}.Debug|Any CPU.Build.0 = Debug|Any CPU
		{6F9F84F0-B9B3-4428-9B36-D3DCD49C35EC}.Release|Any CPU.ActiveCfg = Release|Any CPU
		{6F9F84F0-B9B3-4428-9B36-D3DCD49C35EC}.Release|Any CPU.Build.0 = Release|Any CPU
		{EF043B8C-226B-4D21-B5E4-27A11E95D98D}.Debug|Any CPU.ActiveCfg = Debug|Any CPU
		{EF043B8C-226B-4D21-B5E4-27A11E95D98D}.Debug|Any CPU.Build.0 = Debug|Any CPU
		{EF043B8C-226B-4D21-B5E4-27A11E95D98D}.Release|Any CPU.ActiveCfg = Release|Any CPU
		{EF043B8C-226B-4D21-B5E4-27A11E95D98D}.Release|Any CPU.Build.0 = Release|Any CPU
		{19E1FC57-6885-4599-B7BD-77089C7D311E}.Debug|Any CPU.ActiveCfg = Debug|Any CPU
		{19E1FC57-6885-4599-B7BD-77089C7D311E}.Debug|Any CPU.Build.0 = Debug|Any CPU
		{19E1FC57-6885-4599-B7BD-77089C7D311E}.Release|Any CPU.ActiveCfg = Release|Any CPU
		{19E1FC57-6885-4599-B7BD-77089C7D311E}.Release|Any CPU.Build.0 = Release|Any CPU
		{59DA4E25-D74D-45E5-82BA-016CB35BF08E}.Debug|Any CPU.ActiveCfg = Debug|Any CPU
		{59DA4E25-D74D-45E5-82BA-016CB35BF08E}.Debug|Any CPU.Build.0 = Debug|Any CPU
		{59DA4E25-D74D-45E5-82BA-016CB35BF08E}.Release|Any CPU.ActiveCfg = Release|Any CPU
		{59DA4E25-D74D-45E5-82BA-016CB35BF08E}.Release|Any CPU.Build.0 = Release|Any CPU
		{D34DAF6E-5CDC-4F43-AA43-E44BF67843F0}.Debug|Any CPU.ActiveCfg = Debug|Any CPU
		{D34DAF6E-5CDC-4F43-AA43-E44BF67843F0}.Debug|Any CPU.Build.0 = Debug|Any CPU
		{D34DAF6E-5CDC-4F43-AA43-E44BF67843F0}.Release|Any CPU.ActiveCfg = Release|Any CPU
		{D34DAF6E-5CDC-4F43-AA43-E44BF67843F0}.Release|Any CPU.Build.0 = Release|Any CPU
		{2F89C393-1413-4C14-9C01-D96FB15F826E}.Debug|Any CPU.ActiveCfg = Debug|Any CPU
		{2F89C393-1413-4C14-9C01-D96FB15F826E}.Debug|Any CPU.Build.0 = Debug|Any CPU
		{2F89C393-1413-4C14-9C01-D96FB15F826E}.Release|Any CPU.ActiveCfg = Release|Any CPU
		{2F89C393-1413-4C14-9C01-D96FB15F826E}.Release|Any CPU.Build.0 = Release|Any CPU
		{F682B4C6-C0A2-49C5-9217-C4EC56F2C9BB}.Debug|Any CPU.ActiveCfg = Debug|Any CPU
		{F682B4C6-C0A2-49C5-9217-C4EC56F2C9BB}.Debug|Any CPU.Build.0 = Debug|Any CPU
		{F682B4C6-C0A2-49C5-9217-C4EC56F2C9BB}.Release|Any CPU.ActiveCfg = Release|Any CPU
		{F682B4C6-C0A2-49C5-9217-C4EC56F2C9BB}.Release|Any CPU.Build.0 = Release|Any CPU
	EndGlobalSection
	GlobalSection(SolutionProperties) = preSolution
		HideSolutionNode = FALSE
	EndGlobalSection
	GlobalSection(NestedProjects) = preSolution
		{6F9F84F0-B9B3-4428-9B36-D3DCD49C35EC} = {559B5907-796D-40B2-9829-FC352E81DC42}
		{EF043B8C-226B-4D21-B5E4-27A11E95D98D} = {559B5907-796D-40B2-9829-FC352E81DC42}
		{19E1FC57-6885-4599-B7BD-77089C7D311E} = {559B5907-796D-40B2-9829-FC352E81DC42}
		{59DA4E25-D74D-45E5-82BA-016CB35BF08E} = {559B5907-796D-40B2-9829-FC352E81DC42}
		{D34DAF6E-5CDC-4F43-AA43-E44BF67843F0} = {63EFA002-3103-4A75-8AFA-AB1245527257}
		{2F89C393-1413-4C14-9C01-D96FB15F826E} = {63EFA002-3103-4A75-8AFA-AB1245527257}
		{F682B4C6-C0A2-49C5-9217-C4EC56F2C9BB} = {8443ADC2-8D57-46CF-BE72-295E254A5BD4}
	EndGlobalSection
	GlobalSection(ExtensibilityGlobals) = postSolution
		SolutionGuid = {0A3AA53E-7099-40DC-B4D1-03D3B116B52F}
	EndGlobalSection
EndGlobal
